
Microsoft Visual Studio Solution File, Format Version 12.00
# Visual Studio Version 16
VisualStudioVersion = 16.0.30907.101
MinimumVisualStudioVersion = 10.0.40219.1
Project("{FAE04EC0-301F-11D3-BF4B-00C04F79EFBC}") = "BGOverlay", "BGOverlay.csproj", "{DEDF4851-555F-4F9A-B540-248BB9D3C2C2}"
EndProject
Global
	GlobalSection(SolutionConfigurationPlatforms) = preSolution
		Debug|Any CPU = Debug|Any CPU
		Release|Any CPU = Release|Any CPU
	EndGlobalSection
	GlobalSection(ProjectConfigurationPlatforms) = postSolution
		{DEDF4851-555F-4F9A-B540-248BB9D3C2C2}.Debug|Any CPU.ActiveCfg = Debug|Any CPU
		{DEDF4851-555F-4F9A-B540-248BB9D3C2C2}.Debug|Any CPU.Build.0 = Debug|Any CPU
		{DEDF4851-555F-4F9A-B540-248BB9D3C2C2}.Release|Any CPU.ActiveCfg = Release|Any CPU
		{DEDF4851-555F-4F9A-B540-248BB9D3C2C2}.Release|Any CPU.Build.0 = Release|Any CPU
	EndGlobalSection
	GlobalSection(SolutionProperties) = preSolution
		HideSolutionNode = FALSE
	EndGlobalSection
	GlobalSection(ExtensibilityGlobals) = postSolution
		SolutionGuid = {D4964B90-C7FD-424F-98AF-7FF0A7AF214F}
	EndGlobalSection
EndGlobal
